{
  "object": {
    "pins": [
      {
        "package": "AppSpector",
        "repositoryURL": "https://github.com/appspector/ios-sdk-spm",
        "state": {
          "branch": null,
          "revision": "448141a8d2660c5e346ccb50cdbd70a317b5cdbd",
          "version": "1.4.0"
        }
      }
    ]
  },
  "version": 1
}
